[[package]]
category = "main"
description = "Better dates & times for Python"
name = "arrow"
optional = false
python-versions = ">=2.7, !=3.0.*, !=3.1.*, !=3.2.*, !=3.3.*, !=3.4.*"
version = "0.15.5"

[package.dependencies]
python-dateutil = "*"

[[package]]
category = "main"
description = "Extensions to the standard Python datetime module"
name = "python-dateutil"
optional = false
python-versions = "!=3.0.*,!=3.1.*,!=3.2.*,>=2.7"
version = "2.8.1"

[package.dependencies]
six = ">=1.5"

[[package]]
category = "main"
description = "Python 2 and 3 compatibility utilities"
name = "six"
optional = false
python-versions = ">=2.7, !=3.0.*, !=3.1.*, !=3.2.*"
version = "1.14.0"

[metadata]
content-hash = "fb86b128aa2b02a01fc5ab87ac887e540c6b5ef9a299f096a5f6fc14e9a6521e"
python-versions = "^3.7"

[metadata.hashes]
arrow = ["5390e464e2c5f76971b60ffa7ee29c598c7501a294bc9f5e6dadcb251a5d027b", "70729bcc831da496ca3cb4b7e89472c8e2d27d398908155e0796179f6d2d41ee"]
python-dateutil = ["73ebfe9dbf22e832286dafa60473e4cd239f8592f699aa5adaf10050e6e1823c", "75bb3f31ea686f1197762692a9ee6a7550b59fc6ca3a1f4b5d7e32fb98e2da2a"]
six = ["236bdbdce46e6e6a3d61a337c0f8b763ca1e8717c03b369e87a7ec7ce1319c0a", "8f3cd2e254d8f793e7f3d6d9df77b92252b52637291d0f0da013c76ea2724b6c"]
